
Microsoft Visual Studio Solution File, Format Version 12.00
# Visual Studio Version 16
VisualStudioVersion = 16.0.30804.86
MinimumVisualStudioVersion = 10.0.40219.1
Project("{FAE04EC0-301F-11D3-BF4B-00C04F79EFBC}") = "CalculateFibonacci", "CalculateFibonacci\CalculateFibonacci.csproj", "{DF6E283D-5B26-4CC1-B8A9-33A4A9479177}"
EndProject
Global
	GlobalSection(SolutionConfigurationPlatforms) = preSolution
		Debug|Any CPU = Debug|Any CPU
		Release|Any CPU = Release|Any CPU
	EndGlobalSection
	GlobalSection(ProjectConfigurationPlatforms) = postSolution
		{DF6E283D-5B26-4CC1-B8A9-33A4A9479177}.Debug|Any CPU.ActiveCfg = Debug|Any CPU
		{DF6E283D-5B26-4CC1-B8A9-33A4A9479177}.Debug|Any CPU.Build.0 = Debug|Any CPU
		{DF6E283D-5B26-4CC1-B8A9-33A4A9479177}.Release|Any CPU.ActiveCfg = Release|Any CPU
		{DF6E283D-5B26-4CC1-B8A9-33A4A9479177}.Release|Any CPU.Build.0 = Release|Any CPU
	EndGlobalSection
	GlobalSection(SolutionProperties) = preSolution
		HideSolutionNode = FALSE
	EndGlobalSection
	GlobalSection(ExtensibilityGlobals) = postSolution
		SolutionGuid = {8E686275-5EC7-41DB-A20E-CF959A694D17}
	EndGlobalSection
EndGlobal
